// !$*UTF8*$!
{
	archiveVersion = 1;
	classes = {
	};
	objectVersion = 46;
	objects = {

/* Begin PBXBuildFile section */
		2D56F1A91F71DCB900A8A4A7 /* w2_in_lab.cpp in Sources */ = {isa = PBXBuildFile; fileRef = 2D56F1A81F71DCB900A8A4A7 /* w2_in_lab.cpp */; };
		2DBA5E841F701CF2002CD8E1 /* kingdom.cpp in Sources */ = {isa = PBXBuildFile; fileRef = 2DBA5E831F701CF2002CD8E1 /* kingdom.cpp */; };
/* End PBXBuildFile section */

/* Begin PBXCopyFilesBuildPhase section */
		2DBA5E771F701C97002CD8E1 /* CopyFiles */ = {
			isa = PBXCopyFilesBuildPhase;
			buildActionMask = 2147483647;
			dstPath = /usr/share/man/man1/;
			dstSubfolderSpec = 0;
			files = (
			);
			runOnlyForDeploymentPostprocessing = 1;
		};
/* End PBXCopyFilesBuildPhase section */

/* Begin PBXFileReference section */
		2D56F1A41F71D8F300A8A4A7 /* Kingdom.h */ = {isa = PBXFileReference; lastKnownFileType = sourcecode.c.h; path = Kingdom.h; sourceTree = "<group>"; };
		2D56F1A81F71DCB900A8A4A7 /* w2_in_lab.cpp */ = {isa = PBXFileReference; fileEncoding = 4; lastKnownFileType = sourcecode.cpp.cpp; path = w2_in_lab.cpp; sourceTree = "<group>"; };
		2DBA5E791F701C97002CD8E1 /* ws2-in_lab_macOS */ = {isa = PBXFileReference; explicitFileType = "compiled.mach-o.executable"; includeInIndex = 0; path = "ws2-in_lab_macOS"; sourceTree = BUILT_PRODUCTS_DIR; };
		2DBA5E831F701CF2002CD8E1 /* kingdom.cpp */ = {isa = PBXFileReference; fileEncoding = 4; lastKnownFileType = sourcecode.cpp.cpp; path = kingdom.cpp; sourceTree = "<group>"; };
/* End PBXFileReference section */

/* Begin PBXFrameworksBuildPhase section */
		2DBA5E761F701C97002CD8E1 /* Frameworks */ = {
			isa = PBXFrameworksBuildPhase;
			buildActionMask = 2147483647;
			files = (
			);
			runOnlyForDeploymentPostprocessing = 0;
		};
/* End PBXFrameworksBuildPhase section */

/* Begin PBXGroup section */
		2DBA5E701F701C97002CD8E1 = {
			isa = PBXGroup;
			children = (
				2DBA5E7B1F701C97002CD8E1 /* ws2-in_lab_macOS */,
				2DBA5E7A1F701C97002CD8E1 /* Products */,
			);
			sourceTree = "<group>";
		};
		2DBA5E7A1F701C97002CD8E1 /* Products */ = {
			isa = PBXGroup;
			children = (
				2DBA5E791F701C97002CD8E1 /* ws2-in_lab_macOS */,
			);
			name = Products;
			sourceTree = "<group>";
		};
		2DBA5E7B1F701C97002CD8E1 /* ws2-in_lab_macOS */ = {
			isa = PBXGroup;
			children = (
				2D56F1A41F71D8F300A8A4A7 /* Kingdom.h */,
				2D56F1A81F71DCB900A8A4A7 /* w2_in_lab.cpp */,
				2DBA5E831F701CF2002CD8E1 /* kingdom.cpp */,
			);
			path = "ws2-in_lab_macOS";
			sourceTree = "<group>";
		};
/* End PBXGroup section */

/* Begin PBXNativeTarget section */
		2DBA5E781F701C97002CD8E1 /* ws2-in_lab_macOS */ = {
			isa = PBXNativeTarget;
			buildConfigurationList = 2DBA5E801F701C97002CD8E1 /* Build configuration list for PBXNativeTarget "ws2-in_lab_macOS" */;
			buildPhases = (
				2DBA5E751F701C97002CD8E1 /* Sources */,
				2DBA5E761F701C97002CD8E1 /* Frameworks */,
				2DBA5E771F701C97002CD8E1 /* CopyFiles */,
			);
			buildRules = (
			);
			dependencies = (
			);
			name = "ws2-in_lab_macOS";
			productName = "ws2-in_lab_macOS";
			productReference = 2DBA5E791F701C97002CD8E1 /* ws2-in_lab_macOS */;
			productType = "com.apple.product-type.tool";
		};
/* End PBXNativeTarget section */

/* Begin PBXProject section */
		2DBA5E711F701C97002CD8E1 /* Project object */ = {
			isa = PBXProject;
			attributes = {
				LastUpgradeCheck = 0830;
				ORGANIZATIONNAME = "Damian Murawiecki";
				TargetAttributes = {
					2DBA5E781F701C97002CD8E1 = {
						CreatedOnToolsVersion = 8.3.3;
						DevelopmentTeam = RJ3NP8N37R;
						ProvisioningStyle = Automatic;
					};
				};
			};
			buildConfigurationList = 2DBA5E741F701C97002CD8E1 /* Build configuration list for PBXProject "ws2-in_lab_macOS" */;
			compatibilityVersion = "Xcode 3.2";
			developmentRegion = English;
			hasScannedForEncodings = 0;
			knownRegions = (
				en,
			);
			mainGroup = 2DBA5E701F701C97002CD8E1;
			productRefGroup = 2DBA5E7A1F701C97002CD8E1 /* Products */;
			projectDirPath = "";
			projectRoot = "";
			targets = (
				2DBA5E781F701C97002CD8E1 /* ws2-in_lab_macOS */,
			);
		};
/* End PBXProject section */

/* Begin PBXSourcesBuildPhase section */
		2DBA5E751F701C97002CD8E1 /* Sources */ = {
			isa = PBXSourcesBuildPhase;
			buildActionMask = 2147483647;
			files = (
				2DBA5E841F701CF2002CD8E1 /* kingdom.cpp in Sources */,
				2D56F1A91F71DCB900A8A4A7 /* w2_in_lab.cpp in Sources */,
			);
			runOnlyForDeploymentPostprocessing = 0;
		};
/* End PBXSourcesBuildPhase section */

/* Begin XCBuildConfiguration section */
		2DBA5E7E1F701C97002CD8E1 /* Debug */ = {
			isa = XCBuildConfiguration;
			buildSettings = {
				ALWAYS_SEARCH_USER_PATHS = NO;
				CLANG_ANALYZER_NONNULL = YES;
				CLANG_ANALYZER_NUMBER_OBJECT_CONVERSION = YES_AGGRESSIVE;
				CLANG_CXX_LANGUAGE_STANDARD = "gnu++0x";
				CLANG_CXX_LIBRARY = "libc++";
				CLANG_ENABLE_MODULES = YES;
				CLANG_ENABLE_OBJC_ARC = YES;
				CLANG_WARN_BOOL_CONVERSION = YES;
				CLANG_WARN_CONSTANT_CONVERSION = YES;
				CLANG_WARN_DIRECT_OBJC_ISA_USAGE = YES_ERROR;
				CLANG_WARN_DOCUMENTATION_COMMENTS = YES;
				CLANG_WARN_EMPTY_BODY = YES;
				CLANG_WARN_ENUM_CONVERSION = YES;
				CLANG_WARN_INFINITE_RECURSION = YES;
				CLANG_WARN_INT_CONVERSION = YES;
				CLANG_WARN_OBJC_ROOT_CLASS = YES_ERROR;
				CLANG_WARN_SUSPICIOUS_MOVE = YES;
				CLANG_WARN_UNREACHABLE_CODE = YES;
				CLANG_WARN__DUPLICATE_METHOD_MATCH = YES;
				CODE_SIGN_IDENTITY = "-";
				COPY_PHASE_STRIP = NO;
				DEBUG_INFORMATION_FORMAT = dwarf;
				ENABLE_STRICT_OBJC_MSGSEND = YES;
				ENABLE_TESTABILITY = YES;
				GCC_C_LANGUAGE_STANDARD = gnu99;
				GCC_DYNAMIC_NO_PIC = NO;
				GCC_NO_COMMON_BLOCKS = YES;
				GCC_OPTIMIZATION_LEVEL = 0;
				GCC_PREPROCESSOR_DEFINITIONS = (
					"DEBUG=1",
					"$(inherited)",
				);
				GCC_WARN_64_TO_32_BIT_CONVERSION = YES;
				GCC_WARN_ABOUT_RETURN_TYPE = YES_ERROR;
				GCC_WARN_UNDECLARED_SELECTOR = YES;
				GCC_WARN_UNINITIALIZED_AUTOS = YES_AGGRESSIVE;
				GCC_WARN_UNUSED_FUNCTION = YES;
				GCC_WARN_UNUSED_VARIABLE = YES;
				MACOSX_DEPLOYMENT_TARGET = 10.12;
				MTL_ENABLE_DEBUG_INFO = YES;
				ONLY_ACTIVE_ARCH = YES;
				SDKROOT = macosx;
			};
			name = Debug;
		};
		2DBA5E7F1F701C97002CD8E1 /* Release */ = {
			isa = XCBuildConfiguration;
			buildSettings = {
				ALWAYS_SEARCH_USER_PATHS = NO;
				CLANG_ANALYZER_NONNULL = YES;
				CLANG_ANALYZER_NUMBER_OBJECT_CONVERSION = YES_AGGRESSIVE;
				CLANG_CXX_LANGUAGE_STANDARD = "gnu++0x";
				CLANG_CXX_LIBRARY = "libc++";
				CLANG_ENABLE_MODULES = YES;
				CLANG_ENABLE_OBJC_ARC = YES;
				CLANG_WARN_BOOL_CONVERSION = YES;
				CLANG_WARN_CONSTANT_CONVERSION = YES;
				CLANG_WARN_DIRECT_OBJC_ISA_USAGE = YES_ERROR;
				CLANG_WARN_DOCUMENTATION_COMMENTS = YES;
				CLANG_WARN_EMPTY_BODY = YES;
				CLANG_WARN_ENUM_CONVERSION = YES;
				CLANG_WARN_INFINITE_RECURSION = YES;
				CLANG_WARN_INT_CONVERSION = YES;
				CLANG_WARN_OBJC_ROOT_CLASS = YES_ERROR;
				CLANG_WARN_SUSPICIOUS_MOVE = YES;
				CLANG_WARN_UNREACHABLE_CODE = YES;
				CLANG_WARN__DUPLICATE_METHOD_MATCH = YES;
				CODE_SIGN_IDENTITY = "-";
				COPY_PHASE_STRIP = NO;
				DEBUG_INFORMATION_FORMAT = "dwarf-with-dsym";
				ENABLE_NS_ASSERTIONS = NO;
				ENABLE_STRICT_OBJC_MSGSEND = YES;
				GCC_C_LANGUAGE_STANDARD = gnu99;
				GCC_NO_COMMON_BLOCKS = YES;
				GCC_WARN_64_TO_32_BIT_CONVERSION = YES;
				GCC_WARN_ABOUT_RETURN_TYPE = YES_ERROR;
				GCC_WARN_UNDECLARED_SELECTOR = YES;
				GCC_WARN_UNINITIALIZED_AUTOS = YES_AGGRESSIVE;
				GCC_WARN_UNUSED_FUNCTION = YES;
				GCC_WARN_UNUSED_VARIABLE = YES;
				MACOSX_DEPLOYMENT_TARGET = 10.12;
				MTL_ENABLE_DEBUG_INFO = NO;
				SDKROOT = macosx;
			};
			name = Release;
		};
		2DBA5E811F701C97002CD8E1 /* Debug */ = {
			isa = XCBuildConfiguration;
			buildSettings = {
				DEVELOPMENT_TEAM = RJ3NP8N37R;
				PRODUCT_NAME = "$(TARGET_NAME)";
			};
			name = Debug;
		};
		2DBA5E821F701C97002CD8E1 /* Release */ = {
			isa = XCBuildConfiguration;
			buildSettings = {
				DEVELOPMENT_TEAM = RJ3NP8N37R;
				PRODUCT_NAME = "$(TARGET_NAME)";
			};
			name = Release;
		};
/* End XCBuildConfiguration section */

/* Begin XCConfigurationList section */
		2DBA5E741F701C97002CD8E1 /* Build configuration list for PBXProject "ws2-in_lab_macOS" */ = {
			isa = XCConfigurationList;
			buildConfigurations = (
				2DBA5E7E1F701C97002CD8E1 /* Debug */,
				2DBA5E7F1F701C97002CD8E1 /* Release */,
			);
			defaultConfigurationIsVisible = 0;
			defaultConfigurationName = Release;
		};
		2DBA5E801F701C97002CD8E1 /* Build configuration list for PBXNativeTarget "ws2-in_lab_macOS" */ = {
			isa = XCConfigurationList;
			buildConfigurations = (
				2DBA5E811F701C97002CD8E1 /* Debug */,
				2DBA5E821F701C97002CD8E1 /* Release */,
			);
			defaultConfigurationIsVisible = 0;
			defaultConfigurationName = Release;
		};
/* End XCConfigurationList section */
	};
	rootObject = 2DBA5E711F701C97002CD8E1 /* Project object */;
}
