// !$*UTF8*$!
{
	archiveVersion = 1;
	classes = {
	};
	objectVersion = 48;
	objects = {

/* Begin PBXBuildFile section */
		2D9474371FE16F6A00C509B8 /* Allocator.cpp in Sources */ = {isa = PBXBuildFile; fileRef = 2D9474311FE16F6900C509B8 /* Allocator.cpp */; };
		2D9474381FE16F6A00C509B8 /* Account.cpp in Sources */ = {isa = PBXBuildFile; fileRef = 2D9474341FE16F6A00C509B8 /* Account.cpp */; };
		2D9474391FE16F6A00C509B8 /* w8_in_lab.cpp in Sources */ = {isa = PBXBuildFile; fileRef = 2D9474351FE16F6A00C509B8 /* w8_in_lab.cpp */; };
		2D94743A1FE16F6A00C509B8 /* SavingsAccount.cpp in Sources */ = {isa = PBXBuildFile; fileRef = 2D9474361FE16F6A00C509B8 /* SavingsAccount.cpp */; };
/* End PBXBuildFile section */

/* Begin PBXCopyFilesBuildPhase section */
		2D9474241FE16EF300C509B8 /* CopyFiles */ = {
			isa = PBXCopyFilesBuildPhase;
			buildActionMask = 2147483647;
			dstPath = /usr/share/man/man1/;
			dstSubfolderSpec = 0;
			files = (
			);
			runOnlyForDeploymentPostprocessing = 1;
		};
/* End PBXCopyFilesBuildPhase section */

/* Begin PBXFileReference section */
		2D9474261FE16EF300C509B8 /* ws8-lab_macOS */ = {isa = PBXFileReference; explicitFileType = "compiled.mach-o.executable"; includeInIndex = 0; path = "ws8-lab_macOS"; sourceTree = BUILT_PRODUCTS_DIR; };
		2D9474301FE16F6900C509B8 /* Account.h */ = {isa = PBXFileReference; fileEncoding = 4; lastKnownFileType = sourcecode.c.h; path = Account.h; sourceTree = "<group>"; };
		2D9474311FE16F6900C509B8 /* Allocator.cpp */ = {isa = PBXFileReference; fileEncoding = 4; lastKnownFileType = sourcecode.cpp.cpp; path = Allocator.cpp; sourceTree = "<group>"; };
		2D9474321FE16F6900C509B8 /* SavingsAccount.h */ = {isa = PBXFileReference; fileEncoding = 4; lastKnownFileType = sourcecode.c.h; path = SavingsAccount.h; sourceTree = "<group>"; };
		2D9474331FE16F6A00C509B8 /* iAccount.h */ = {isa = PBXFileReference; fileEncoding = 4; lastKnownFileType = sourcecode.c.h; path = iAccount.h; sourceTree = "<group>"; };
		2D9474341FE16F6A00C509B8 /* Account.cpp */ = {isa = PBXFileReference; fileEncoding = 4; lastKnownFileType = sourcecode.cpp.cpp; path = Account.cpp; sourceTree = "<group>"; };
		2D9474351FE16F6A00C509B8 /* w8_in_lab.cpp */ = {isa = PBXFileReference; fileEncoding = 4; lastKnownFileType = sourcecode.cpp.cpp; path = w8_in_lab.cpp; sourceTree = "<group>"; };
		2D9474361FE16F6A00C509B8 /* SavingsAccount.cpp */ = {isa = PBXFileReference; fileEncoding = 4; lastKnownFileType = sourcecode.cpp.cpp; path = SavingsAccount.cpp; sourceTree = "<group>"; };
		2DCF5DD01FE5E5F0004D79D9 /* ws8-home_macOS */ = {isa = PBXFileReference; fileEncoding = 4; lastKnownFileType = text; name = "ws8-home_macOS"; path = "../../../at-home/ws8-home_macOS"; sourceTree = "<group>"; };
/* End PBXFileReference section */

/* Begin PBXFrameworksBuildPhase section */
		2D9474231FE16EF300C509B8 /* Frameworks */ = {
			isa = PBXFrameworksBuildPhase;
			buildActionMask = 2147483647;
			files = (
			);
			runOnlyForDeploymentPostprocessing = 0;
		};
/* End PBXFrameworksBuildPhase section */

/* Begin PBXGroup section */
		2D94741D1FE16EF300C509B8 = {
			isa = PBXGroup;
			children = (
				2D9474281FE16EF300C509B8 /* ws8-lab_macOS */,
				2D9474271FE16EF300C509B8 /* Products */,
			);
			sourceTree = "<group>";
		};
		2D9474271FE16EF300C509B8 /* Products */ = {
			isa = PBXGroup;
			children = (
				2D9474261FE16EF300C509B8 /* ws8-lab_macOS */,
			);
			name = Products;
			sourceTree = "<group>";
		};
		2D9474281FE16EF300C509B8 /* ws8-lab_macOS */ = {
			isa = PBXGroup;
			children = (
				2D9474341FE16F6A00C509B8 /* Account.cpp */,
				2D9474301FE16F6900C509B8 /* Account.h */,
				2D9474311FE16F6900C509B8 /* Allocator.cpp */,
				2D9474331FE16F6A00C509B8 /* iAccount.h */,
				2D9474361FE16F6A00C509B8 /* SavingsAccount.cpp */,
				2DCF5DD01FE5E5F0004D79D9 /* ws8-home_macOS */,
				2D9474321FE16F6900C509B8 /* SavingsAccount.h */,
				2D9474351FE16F6A00C509B8 /* w8_in_lab.cpp */,
			);
			path = "ws8-lab_macOS";
			sourceTree = "<group>";
		};
/* End PBXGroup section */

/* Begin PBXNativeTarget section */
		2D9474251FE16EF300C509B8 /* ws8-lab_macOS */ = {
			isa = PBXNativeTarget;
			buildConfigurationList = 2D94742D1FE16EF300C509B8 /* Build configuration list for PBXNativeTarget "ws8-lab_macOS" */;
			buildPhases = (
				2D9474221FE16EF300C509B8 /* Sources */,
				2D9474231FE16EF300C509B8 /* Frameworks */,
				2D9474241FE16EF300C509B8 /* CopyFiles */,
			);
			buildRules = (
			);
			dependencies = (
			);
			name = "ws8-lab_macOS";
			productName = "ws8-lab_macOS";
			productReference = 2D9474261FE16EF300C509B8 /* ws8-lab_macOS */;
			productType = "com.apple.product-type.tool";
		};
/* End PBXNativeTarget section */

/* Begin PBXProject section */
		2D94741E1FE16EF300C509B8 /* Project object */ = {
			isa = PBXProject;
			attributes = {
				LastUpgradeCheck = 0920;
				ORGANIZATIONNAME = "Damian Murawiecki";
				TargetAttributes = {
					2D9474251FE16EF300C509B8 = {
						CreatedOnToolsVersion = 9.2;
						ProvisioningStyle = Automatic;
					};
				};
			};
			buildConfigurationList = 2D9474211FE16EF300C509B8 /* Build configuration list for PBXProject "ws8-lab_macOS" */;
			compatibilityVersion = "Xcode 8.0";
			developmentRegion = en;
			hasScannedForEncodings = 0;
			knownRegions = (
				en,
			);
			mainGroup = 2D94741D1FE16EF300C509B8;
			productRefGroup = 2D9474271FE16EF300C509B8 /* Products */;
			projectDirPath = "";
			projectRoot = "";
			targets = (
				2D9474251FE16EF300C509B8 /* ws8-lab_macOS */,
			);
		};
/* End PBXProject section */

/* Begin PBXSourcesBuildPhase section */
		2D9474221FE16EF300C509B8 /* Sources */ = {
			isa = PBXSourcesBuildPhase;
			buildActionMask = 2147483647;
			files = (
				2D9474371FE16F6A00C509B8 /* Allocator.cpp in Sources */,
				2D9474391FE16F6A00C509B8 /* w8_in_lab.cpp in Sources */,
				2D9474381FE16F6A00C509B8 /* Account.cpp in Sources */,
				2D94743A1FE16F6A00C509B8 /* SavingsAccount.cpp in Sources */,
			);
			runOnlyForDeploymentPostprocessing = 0;
		};
/* End PBXSourcesBuildPhase section */

/* Begin XCBuildConfiguration section */
		2D94742B1FE16EF300C509B8 /* Debug */ = {
			isa = XCBuildConfiguration;
			buildSettings = {
				ALWAYS_SEARCH_USER_PATHS = NO;
				CLANG_ANALYZER_NONNULL = YES;
				CLANG_ANALYZER_NUMBER_OBJECT_CONVERSION = YES_AGGRESSIVE;
				CLANG_CXX_LANGUAGE_STANDARD = "gnu++14";
				CLANG_CXX_LIBRARY = "libc++";
				CLANG_ENABLE_MODULES = YES;
				CLANG_ENABLE_OBJC_ARC = YES;
				CLANG_WARN_BLOCK_CAPTURE_AUTORELEASING = YES;
				CLANG_WARN_BOOL_CONVERSION = YES;
				CLANG_WARN_COMMA = YES;
				CLANG_WARN_CONSTANT_CONVERSION = YES;
				CLANG_WARN_DIRECT_OBJC_ISA_USAGE = YES_ERROR;
				CLANG_WARN_DOCUMENTATION_COMMENTS = YES;
				CLANG_WARN_EMPTY_BODY = YES;
				CLANG_WARN_ENUM_CONVERSION = YES;
				CLANG_WARN_INFINITE_RECURSION = YES;
				CLANG_WARN_INT_CONVERSION = YES;
				CLANG_WARN_NON_LITERAL_NULL_CONVERSION = YES;
				CLANG_WARN_OBJC_LITERAL_CONVERSION = YES;
				CLANG_WARN_OBJC_ROOT_CLASS = YES_ERROR;
				CLANG_WARN_RANGE_LOOP_ANALYSIS = YES;
				CLANG_WARN_STRICT_PROTOTYPES = YES;
				CLANG_WARN_SUSPICIOUS_MOVE = YES;
				CLANG_WARN_UNGUARDED_AVAILABILITY = YES_AGGRESSIVE;
				CLANG_WARN_UNREACHABLE_CODE = YES;
				CLANG_WARN__DUPLICATE_METHOD_MATCH = YES;
				CODE_SIGN_IDENTITY = "-";
				COPY_PHASE_STRIP = NO;
				DEBUG_INFORMATION_FORMAT = dwarf;
				ENABLE_STRICT_OBJC_MSGSEND = YES;
				ENABLE_TESTABILITY = YES;
				GCC_C_LANGUAGE_STANDARD = gnu11;
				GCC_DYNAMIC_NO_PIC = NO;
				GCC_NO_COMMON_BLOCKS = YES;
				GCC_OPTIMIZATION_LEVEL = 0;
				GCC_PREPROCESSOR_DEFINITIONS = (
					"DEBUG=1",
					"$(inherited)",
				);
				GCC_WARN_64_TO_32_BIT_CONVERSION = YES;
				GCC_WARN_ABOUT_RETURN_TYPE = YES_ERROR;
				GCC_WARN_UNDECLARED_SELECTOR = YES;
				GCC_WARN_UNINITIALIZED_AUTOS = YES_AGGRESSIVE;
				GCC_WARN_UNUSED_FUNCTION = YES;
				GCC_WARN_UNUSED_VARIABLE = YES;
				MACOSX_DEPLOYMENT_TARGET = 10.13;
				MTL_ENABLE_DEBUG_INFO = YES;
				ONLY_ACTIVE_ARCH = YES;
				SDKROOT = macosx;
			};
			name = Debug;
		};
		2D94742C1FE16EF300C509B8 /* Release */ = {
			isa = XCBuildConfiguration;
			buildSettings = {
				ALWAYS_SEARCH_USER_PATHS = NO;
				CLANG_ANALYZER_NONNULL = YES;
				CLANG_ANALYZER_NUMBER_OBJECT_CONVERSION = YES_AGGRESSIVE;
				CLANG_CXX_LANGUAGE_STANDARD = "gnu++14";
				CLANG_CXX_LIBRARY = "libc++";
				CLANG_ENABLE_MODULES = YES;
				CLANG_ENABLE_OBJC_ARC = YES;
				CLANG_WARN_BLOCK_CAPTURE_AUTORELEASING = YES;
				CLANG_WARN_BOOL_CONVERSION = YES;
				CLANG_WARN_COMMA = YES;
				CLANG_WARN_CONSTANT_CONVERSION = YES;
				CLANG_WARN_DIRECT_OBJC_ISA_USAGE = YES_ERROR;
				CLANG_WARN_DOCUMENTATION_COMMENTS = YES;
				CLANG_WARN_EMPTY_BODY = YES;
				CLANG_WARN_ENUM_CONVERSION = YES;
				CLANG_WARN_INFINITE_RECURSION = YES;
				CLANG_WARN_INT_CONVERSION = YES;
				CLANG_WARN_NON_LITERAL_NULL_CONVERSION = YES;
				CLANG_WARN_OBJC_LITERAL_CONVERSION = YES;
				CLANG_WARN_OBJC_ROOT_CLASS = YES_ERROR;
				CLANG_WARN_RANGE_LOOP_ANALYSIS = YES;
				CLANG_WARN_STRICT_PROTOTYPES = YES;
				CLANG_WARN_SUSPICIOUS_MOVE = YES;
				CLANG_WARN_UNGUARDED_AVAILABILITY = YES_AGGRESSIVE;
				CLANG_WARN_UNREACHABLE_CODE = YES;
				CLANG_WARN__DUPLICATE_METHOD_MATCH = YES;
				CODE_SIGN_IDENTITY = "-";
				COPY_PHASE_STRIP = NO;
				DEBUG_INFORMATION_FORMAT = "dwarf-with-dsym";
				ENABLE_NS_ASSERTIONS = NO;
				ENABLE_STRICT_OBJC_MSGSEND = YES;
				GCC_C_LANGUAGE_STANDARD = gnu11;
				GCC_NO_COMMON_BLOCKS = YES;
				GCC_WARN_64_TO_32_BIT_CONVERSION = YES;
				GCC_WARN_ABOUT_RETURN_TYPE = YES_ERROR;
				GCC_WARN_UNDECLARED_SELECTOR = YES;
				GCC_WARN_UNINITIALIZED_AUTOS = YES_AGGRESSIVE;
				GCC_WARN_UNUSED_FUNCTION = YES;
				GCC_WARN_UNUSED_VARIABLE = YES;
				MACOSX_DEPLOYMENT_TARGET = 10.13;
				MTL_ENABLE_DEBUG_INFO = NO;
				SDKROOT = macosx;
			};
			name = Release;
		};
		2D94742E1FE16EF300C509B8 /* Debug */ = {
			isa = XCBuildConfiguration;
			buildSettings = {
				CODE_SIGN_STYLE = Automatic;
				PRODUCT_NAME = "$(TARGET_NAME)";
			};
			name = Debug;
		};
		2D94742F1FE16EF300C509B8 /* Release */ = {
			isa = XCBuildConfiguration;
			buildSettings = {
				CODE_SIGN_STYLE = Automatic;
				PRODUCT_NAME = "$(TARGET_NAME)";
			};
			name = Release;
		};
/* End XCBuildConfiguration section */

/* Begin XCConfigurationList section */
		2D9474211FE16EF300C509B8 /* Build configuration list for PBXProject "ws8-lab_macOS" */ = {
			isa = XCConfigurationList;
			buildConfigurations = (
				2D94742B1FE16EF300C509B8 /* Debug */,
				2D94742C1FE16EF300C509B8 /* Release */,
			);
			defaultConfigurationIsVisible = 0;
			defaultConfigurationName = Release;
		};
		2D94742D1FE16EF300C509B8 /* Build configuration list for PBXNativeTarget "ws8-lab_macOS" */ = {
			isa = XCConfigurationList;
			buildConfigurations = (
				2D94742E1FE16EF300C509B8 /* Debug */,
				2D94742F1FE16EF300C509B8 /* Release */,
			);
			defaultConfigurationIsVisible = 0;
			defaultConfigurationName = Release;
		};
/* End XCConfigurationList section */
	};
	rootObject = 2D94741E1FE16EF300C509B8 /* Project object */;
}
